
Microsoft Visual Studio Solution File, Format Version 12.00
# Visual Studio Version 17
VisualStudioVersion = 17.3.32901.215
MinimumVisualStudioVersion = 10.0.40219.1
Project("{FAE04EC0-301F-11D3-BF4B-00C04F79EFBC}") = "BANQUANAO", "BANQUANAO\BANQUANAO.csproj", "{5A3A9144-758E-4E00-ACF1-C26F7DAE34AF}"
EndProject
Global
	GlobalSection(SolutionConfigurationPlatforms) = preSolution
		Debug|Any CPU = Debug|Any CPU
		Release|Any CPU = Release|Any CPU
	EndGlobalSection
	GlobalSection(ProjectConfigurationPlatforms) = postSolution
		{5A3A9144-758E-4E00-ACF1-C26F7DAE34AF}.Debug|Any CPU.ActiveCfg = Debug|Any CPU
		{5A3A9144-758E-4E00-ACF1-C26F7DAE34AF}.Debug|Any CPU.Build.0 = Debug|Any CPU
		{5A3A9144-758E-4E00-ACF1-C26F7DAE34AF}.Release|Any CPU.ActiveCfg = Release|Any CPU
		{5A3A9144-758E-4E00-ACF1-C26F7DAE34AF}.Release|Any CPU.Build.0 = Release|Any CPU
	EndGlobalSection
	GlobalSection(SolutionProperties) = preSolution
		HideSolutionNode = FALSE
	EndGlobalSection
	GlobalSection(ExtensibilityGlobals) = postSolution
		SolutionGuid = {882EBA81-88CF-4595-934E-2132203E5B67}
	EndGlobalSection
EndGlobal
